
Microsoft Visual Studio Solution File, Format Version 12.00
# Visual Studio Version 17
VisualStudioVersion = 17.14.36327.8
MinimumVisualStudioVersion = 10.0.40219.1
Project("{FAE04EC0-301F-11D3-BF4B-00C04F79EFBC}") = "TeklaPartChecker", "TeklaPartChecker\TeklaPartChecker.csproj", "{37727C07-9F12-424C-8549-4422F1E026DD}"
EndProject
Global
	GlobalSection(SolutionConfigurationPlatforms) = preSolution
		Debug|Any CPU = Debug|Any CPU
		Release|Any CPU = Release|Any CPU
	EndGlobalSection
	GlobalSection(ProjectConfigurationPlatforms) = postSolution
		{37727C07-9F12-424C-8549-4422F1E026DD}.Debug|Any CPU.ActiveCfg = Debug|Any CPU
		{37727C07-9F12-424C-8549-4422F1E026DD}.Debug|Any CPU.Build.0 = Debug|Any CPU
		{37727C07-9F12-424C-8549-4422F1E026DD}.Release|Any CPU.ActiveCfg = Release|Any CPU
		{37727C07-9F12-424C-8549-4422F1E026DD}.Release|Any CPU.Build.0 = Release|Any CPU
	EndGlobalSection
	GlobalSection(SolutionProperties) = preSolution
		HideSolutionNode = FALSE
	EndGlobalSection
	GlobalSection(ExtensibilityGlobals) = postSolution
		SolutionGuid = {63F90549-F19D-4C6A-97E0-C98B7D3B0F9F}
	EndGlobalSection
EndGlobal
